
Microsoft Visual Studio Solution File, Format Version 12.00
# Visual Studio Version 17
VisualStudioVersion = 17.5.002.0
MinimumVisualStudioVersion = 10.0.40219.1
Project("{9A19103F-16F7-4668-BE54-9A1E7A4F7556}") = "HomeWork02", "HomeWork02.csproj", "{6ECE8C56-62D5-4F8D-A5AB-ED5932F20BF5}"
EndProject
Global
	GlobalSection(SolutionConfigurationPlatforms) = preSolution
		Debug|Any CPU = Debug|Any CPU
		Release|Any CPU = Release|Any CPU
	EndGlobalSection
	GlobalSection(ProjectConfigurationPlatforms) = postSolution
		{6ECE8C56-62D5-4F8D-A5AB-ED5932F20BF5}.Debug|Any CPU.ActiveCfg = Debug|Any CPU
		{6ECE8C56-62D5-4F8D-A5AB-ED5932F20BF5}.Debug|Any CPU.Build.0 = Debug|Any CPU
		{6ECE8C56-62D5-4F8D-A5AB-ED5932F20BF5}.Release|Any CPU.ActiveCfg = Release|Any CPU
		{6ECE8C56-62D5-4F8D-A5AB-ED5932F20BF5}.Release|Any CPU.Build.0 = Release|Any CPU
	EndGlobalSection
	GlobalSection(SolutionProperties) = preSolution
		HideSolutionNode = FALSE
	EndGlobalSection
	GlobalSection(ExtensibilityGlobals) = postSolution
		SolutionGuid = {8F5046F3-1B87-4B79-966C-02BD67C44295}
	EndGlobalSection
EndGlobal
