
Microsoft Visual Studio Solution File, Format Version 12.00
# Visual Studio Version 17
VisualStudioVersion = 17.0.31903.59
MinimumVisualStudioVersion = 10.0.40219.1
Project("{FAE04EC0-301F-11D3-BF4B-00C04F79EFBC}") = "RandomPassword", "RandomPassword\RandomPassword.csproj", "{D945106F-B7BA-4B46-988F-6B3C1908AAD1}"
EndProject
Project("{FAE04EC0-301F-11D3-BF4B-00C04F79EFBC}") = "RandomGroups", "RandomGroups\RandomGroups.csproj", "{7F8F92B3-F783-4807-B2B9-3E57ECD77C06}"
EndProject
Global
	GlobalSection(SolutionConfigurationPlatforms) = preSolution
		Debug|Any CPU = Debug|Any CPU
		Release|Any CPU = Release|Any CPU
	EndGlobalSection
	GlobalSection(SolutionProperties) = preSolution
		HideSolutionNode = FALSE
	EndGlobalSection
	GlobalSection(ProjectConfigurationPlatforms) = postSolution
		{D945106F-B7BA-4B46-988F-6B3C1908AAD1}.Debug|Any CPU.ActiveCfg = Debug|Any CPU
		{D945106F-B7BA-4B46-988F-6B3C1908AAD1}.Debug|Any CPU.Build.0 = Debug|Any CPU
		{D945106F-B7BA-4B46-988F-6B3C1908AAD1}.Release|Any CPU.ActiveCfg = Release|Any CPU
		{D945106F-B7BA-4B46-988F-6B3C1908AAD1}.Release|Any CPU.Build.0 = Release|Any CPU
		{7F8F92B3-F783-4807-B2B9-3E57ECD77C06}.Debug|Any CPU.ActiveCfg = Debug|Any CPU
		{7F8F92B3-F783-4807-B2B9-3E57ECD77C06}.Debug|Any CPU.Build.0 = Debug|Any CPU
		{7F8F92B3-F783-4807-B2B9-3E57ECD77C06}.Release|Any CPU.ActiveCfg = Release|Any CPU
		{7F8F92B3-F783-4807-B2B9-3E57ECD77C06}.Release|Any CPU.Build.0 = Release|Any CPU
	EndGlobalSection
EndGlobal
